
Microsoft Visual Studio Solution File, Format Version 12.00
# Visual Studio Version 17
VisualStudioVersion = 17.1.32414.318
MinimumVisualStudioVersion = 10.0.40219.1
Project("{FAE04EC0-301F-11D3-BF4B-00C04F79EFBC}") = "Blog Engine", "Blog Engine\Blog Engine.csproj", "{AA39C544-193C-49E1-BA99-31760CBC33FB}"
EndProject
Global
	GlobalSection(SolutionConfigurationPlatforms) = preSolution
		Debug|Any CPU = Debug|Any CPU
		Release|Any CPU = Release|Any CPU
	EndGlobalSection
	GlobalSection(ProjectConfigurationPlatforms) = postSolution
		{AA39C544-193C-49E1-BA99-31760CBC33FB}.Debug|Any CPU.ActiveCfg = Debug|Any CPU
		{AA39C544-193C-49E1-BA99-31760CBC33FB}.Debug|Any CPU.Build.0 = Debug|Any CPU
		{AA39C544-193C-49E1-BA99-31760CBC33FB}.Release|Any CPU.ActiveCfg = Release|Any CPU
		{AA39C544-193C-49E1-BA99-31760CBC33FB}.Release|Any CPU.Build.0 = Release|Any CPU
	EndGlobalSection
	GlobalSection(SolutionProperties) = preSolution
		HideSolutionNode = FALSE
	EndGlobalSection
	GlobalSection(ExtensibilityGlobals) = postSolution
		SolutionGuid = {4C8E6D6A-FAB2-410A-94C2-57293C27174F}
	EndGlobalSection
EndGlobal
